{
  "nodes": {
    "firefox-addons": {
      "inputs": {
        "nixpkgs": [
          "nixpkgs"
        ]
      },
      "locked": {
        "dir": "pkgs/firefox-addons",
        "lastModified": 1753761817,
        "narHash": "sha256-FE908x/ihUlr5yn1f+PTMyOjcwotGUodzn7Ej6zZf5U=",
        "owner": "rycee",
        "repo": "nur-expressions",
        "rev": "b657cfddb78408e9b53b4a8aaeaac71fc7ea182e",
        "type": "gitlab"
      },
      "original": {
        "dir": "pkgs/firefox-addons",
        "owner": "rycee",
        "repo": "nur-expressions",
        "type": "gitlab"
      }
    },
    "firefox-gnome-theme": {
      "flake": false,
      "locked": {
        "lastModified": 1753659700,
        "narHash": "sha256-KJjs4BdQ03X4jcc/aAcjO0PwHaYUYBAb6UIIL5fFslY=",
        "owner": "rafaelmardojai",
        "repo": "firefox-gnome-theme",
        "rev": "722a3117a01600c6dcc78271aff4aeff62b7af09",
        "type": "github"
      },
      "original": {
        "owner": "rafaelmardojai",
        "repo": "firefox-gnome-theme",
        "type": "github"
      }
    },
    "flake-utils": {
      "inputs": {
        "systems": "systems"
      },
      "locked": {
        "lastModified": 1731533236,
        "narHash": "sha256-l0KFg5HjrsfsO/JpG+r7fRrqm12kzFHyUHqHCVpMMbI=",
        "owner": "numtide",
        "repo": "flake-utils",
        "rev": "11707dc2f618dd54ca8739b309ec4fc024de578b",
        "type": "github"
      },
      "original": {
        "owner": "numtide",
        "repo": "flake-utils",
        "type": "github"
      }
    },
    "hardware": {
      "locked": {
        "lastModified": 1753122741,
        "narHash": "sha256-nFxE8lk9JvGelxClCmwuJYftbHqwnc01dRN4DVLUroM=",
        "owner": "nixos",
        "repo": "nixos-hardware",
        "rev": "cc66fddc6cb04ab479a1bb062f4d4da27c936a22",
        "type": "github"
      },
      "original": {
        "owner": "nixos",
        "repo": "nixos-hardware",
        "type": "github"
      }
    },
    "home-manager": {
      "inputs": {
        "nixpkgs": [
          "nixpkgs"
        ]
      },
      "locked": {
        "lastModified": 1753592768,
        "narHash": "sha256-oV695RvbAE4+R9pcsT9shmp6zE/+IZe6evHWX63f2Qg=",
        "owner": "nix-community",
        "repo": "home-manager",
        "rev": "fc3add429f21450359369af74c2375cb34a2d204",
        "type": "github"
      },
      "original": {
        "owner": "nix-community",
        "ref": "release-25.05",
        "repo": "home-manager",
        "type": "github"
      }
    },
    "nix-flatpak": {
      "locked": {
        "lastModified": 1711997201,
        "narHash": "sha256-J71xzQlVYsjagA4AsVwRazhBh2rZrPpKvxTgs6UzL7c=",
        "owner": "gmodena",
        "repo": "nix-flatpak",
        "rev": "b76fa31346db7fc958a9898f3c594696ca71c4fd",
        "type": "github"
      },
      "original": {
        "owner": "gmodena",
        "ref": "v0.4.1",
        "repo": "nix-flatpak",
        "type": "github"
      }
    },
    "nixpkgs": {
      "locked": {
        "lastModified": 1755704039,
        "narHash": "sha256-gKlP0LbyJ3qX0KObfIWcp5nbuHSb5EHwIvU6UcNBg2A=",
        "owner": "nixos",
        "repo": "nixpkgs",
        "rev": "9cb344e96d5b6918e94e1bca2d9f3ea1e9615545",
        "type": "github"
      },
      "original": {
        "owner": "nixos",
        "ref": "nixos-25.05",
        "repo": "nixpkgs",
        "type": "github"
      }
    },
    "nixpkgs-unstable": {
      "locked": {
        "lastModified": 1755615617,
        "narHash": "sha256-HMwfAJBdrr8wXAkbGhtcby1zGFvs+StOp19xNsbqdOg=",
        "owner": "nixos",
        "repo": "nixpkgs",
        "rev": "20075955deac2583bb12f07151c2df830ef346b4",
        "type": "github"
      },
      "original": {
        "owner": "nixos",
        "ref": "nixos-unstable",
        "repo": "nixpkgs",
        "type": "github"
      }
    },
<<<<<<< HEAD
    "python-devShells": {
=======
    "nvchad-starter": {
      "flake": false,
      "locked": {
        "lastModified": 1736643544,
        "narHash": "sha256-PoThdeLgPIFrqVMgwOyWsPDD01K4qEFT6Q5LHz6n5DM=",
        "owner": "NvChad",
        "repo": "starter",
        "rev": "c3d1fb646a04aaa97b2929b90269f8a7bf8e8dc4",
        "type": "github"
      },
      "original": {
        "owner": "NvChad",
        "ref": "main",
        "repo": "starter",
        "type": "github"
      }
    },
    "nvchad4nix": {
>>>>>>> kanata
      "inputs": {
        "flake-utils": [
          "flake-utils"
        ],
        "nixpkgs": [
          "nixpkgs"
        ]
      },
      "locked": {
        "lastModified": 1753424886,
        "narHash": "sha256-Jpo89BW89eRbh3wOc0jiTrr125hWyyoyDyS4tKfFJjw=",
        "owner": "AbrasiveAlmond",
        "repo": "python-flake",
        "rev": "02689dff4ff4723988b503b099991ceed68342a7",
        "type": "github"
      },
      "original": {
        "owner": "AbrasiveAlmond",
        "repo": "python-flake",
        "type": "github"
      }
    },
    "root": {
      "inputs": {
        "firefox-addons": "firefox-addons",
        "firefox-gnome-theme": "firefox-gnome-theme",
        "flake-utils": "flake-utils",
        "hardware": "hardware",
        "home-manager": "home-manager",
        "nix-flatpak": "nix-flatpak",
        "nixpkgs": "nixpkgs",
        "nixpkgs-unstable": "nixpkgs-unstable",
        "python-devShells": "python-devShells",
        "rust-devShells": "rust-devShells"
      }
    },
    "rust-devShells": {
      "inputs": {
        "flake-utils": [
          "flake-utils"
        ],
        "nixpkgs": [
          "nixpkgs"
        ],
        "rust-overlay": "rust-overlay"
      },
      "locked": {
        "lastModified": 1736319397,
        "narHash": "sha256-2iWVj7qi/lSgKShcXqOwuqIroj5RR22zsUDb98vPo2Y=",
        "owner": "AbrasiveAlmond",
        "repo": "rust-dev-flake",
        "rev": "0d5fb79b55ab0c73bcd9d3d68343186b81ad84d4",
        "type": "github"
      },
      "original": {
        "owner": "AbrasiveAlmond",
        "repo": "rust-dev-flake",
        "type": "github"
      }
    },
    "rust-overlay": {
      "inputs": {
        "nixpkgs": [
          "rust-devShells",
          "nixpkgs"
        ]
      },
      "locked": {
        "lastModified": 1736216977,
        "narHash": "sha256-EMueGrzBpryM8mgOyoyJ7DdNRRk09ug1ggcLLp0WrCQ=",
        "owner": "oxalica",
        "repo": "rust-overlay",
        "rev": "bbe7e4e7a70d235db4bbdcabbf8a2f6671881dd7",
        "type": "github"
      },
      "original": {
        "owner": "oxalica",
        "repo": "rust-overlay",
        "type": "github"
      }
    },
    "systems": {
      "locked": {
        "lastModified": 1681028828,
        "narHash": "sha256-Vy1rq5AaRuLzOxct8nz4T6wlgyUR7zLU309k9mBC768=",
        "owner": "nix-systems",
        "repo": "default",
        "rev": "da67096a3b9bf56a91d16901293e51ba5b49a27e",
        "type": "github"
      },
      "original": {
        "owner": "nix-systems",
        "repo": "default",
        "type": "github"
      }
    }
  },
  "root": "root",
  "version": 7
}
